
Microsoft Visual Studio Solution File, Format Version 12.00
# Visual Studio Version 17
VisualStudioVersion = 17.4.33213.308
MinimumVisualStudioVersion = 10.0.40219.1
Project("{888888A0-9F3D-457C-B088-3A5042F75D52}") = "BlossomServer", "BlossomServer.pyproj", "{A2326BAC-13C6-4745-81EB-4CD9B16A5F4C}"
EndProject
Global
	GlobalSection(SolutionConfigurationPlatforms) = preSolution
		Debug|Any CPU = Debug|Any CPU
		Release|Any CPU = Release|Any CPU
	EndGlobalSection
	GlobalSection(ProjectConfigurationPlatforms) = postSolution
		{A2326BAC-13C6-4745-81EB-4CD9B16A5F4C}.Debug|Any CPU.ActiveCfg = Debug|Any CPU
		{A2326BAC-13C6-4745-81EB-4CD9B16A5F4C}.Release|Any CPU.ActiveCfg = Release|Any CPU
	EndGlobalSection
	GlobalSection(SolutionProperties) = preSolution
		HideSolutionNode = FALSE
	EndGlobalSection
	GlobalSection(ExtensibilityGlobals) = postSolution
		SolutionGuid = {66A3BD33-8285-4F41-B120-6C1259EE2C7C}
	EndGlobalSection
EndGlobal
